
Microsoft Visual Studio Solution File, Format Version 12.00
# Visual Studio Version 16
VisualStudioVersion = 16.0.32106.194
MinimumVisualStudioVersion = 10.0.40219.1
Project("{FAE04EC0-301F-11D3-BF4B-00C04F79EFBC}") = "MusicasAPI", "MusicasAPI\MusicasAPI.csproj", "{382EECEC-F6CB-4F57-A802-2272BCD22CA4}"
EndProject
Global
	GlobalSection(SolutionConfigurationPlatforms) = preSolution
		Debug|Any CPU = Debug|Any CPU
		Release|Any CPU = Release|Any CPU
	EndGlobalSection
	GlobalSection(ProjectConfigurationPlatforms) = postSolution
		{382EECEC-F6CB-4F57-A802-2272BCD22CA4}.Debug|Any CPU.ActiveCfg = Debug|Any CPU
		{382EECEC-F6CB-4F57-A802-2272BCD22CA4}.Debug|Any CPU.Build.0 = Debug|Any CPU
		{382EECEC-F6CB-4F57-A802-2272BCD22CA4}.Release|Any CPU.ActiveCfg = Release|Any CPU
		{382EECEC-F6CB-4F57-A802-2272BCD22CA4}.Release|Any CPU.Build.0 = Release|Any CPU
	EndGlobalSection
	GlobalSection(SolutionProperties) = preSolution
		HideSolutionNode = FALSE
	EndGlobalSection
	GlobalSection(ExtensibilityGlobals) = postSolution
		SolutionGuid = {35515E8F-7EA4-4209-A7A1-50043303DE72}
	EndGlobalSection
EndGlobal
